// !$*UTF8*$!
{
	archiveVersion = 1;
	classes = {
	};
	objectVersion = 56;
	objects = {

/* Begin PBXBuildFile section */
		96B3B4AE2B7A388F00EF0985 /* AppDelegate.swift in Sources */ = {isa = PBXBuildFile; fileRef = 96B3B4AD2B7A388F00EF0985 /* AppDelegate.swift */; };
		96B3B4B02B7A388F00EF0985 /* SceneDelegate.swift in Sources */ = {isa = PBXBuildFile; fileRef = 96B3B4AF2B7A388F00EF0985 /* SceneDelegate.swift */; };
		96B3B4B72B7A389100EF0985 /* Assets.xcassets in Resources */ = {isa = PBXBuildFile; fileRef = 96B3B4B62B7A389100EF0985 /* Assets.xcassets */; };
		96B3B4BA2B7A389100EF0985 /* LaunchScreen.storyboard in Resources */ = {isa = PBXBuildFile; fileRef = 96B3B4B82B7A389100EF0985 /* LaunchScreen.storyboard */; };
		96B3B4C62B7A390500EF0985 /* WeatherData.swift in Sources */ = {isa = PBXBuildFile; fileRef = 96B3B4C32B7A390500EF0985 /* WeatherData.swift */; };
		96B3B4C72B7A390500EF0985 /* WeatherModel.swift in Sources */ = {isa = PBXBuildFile; fileRef = 96B3B4C42B7A390500EF0985 /* WeatherModel.swift */; };
		96B3B4C82B7A390500EF0985 /* WeatherManager.swift in Sources */ = {isa = PBXBuildFile; fileRef = 96B3B4C52B7A390500EF0985 /* WeatherManager.swift */; };
		96B3B4CF2B7A391600EF0985 /* WeatherViewController.swift in Sources */ = {isa = PBXBuildFile; fileRef = 96B3B4CE2B7A391600EF0985 /* WeatherViewController.swift */; };
		96B3B4D12B7A39AE00EF0985 /* Main.storyboard in Resources */ = {isa = PBXBuildFile; fileRef = 96B3B4D02B7A39AE00EF0985 /* Main.storyboard */; };
/* End PBXBuildFile section */

/* Begin PBXFileReference section */
		96B3B4AA2B7A388F00EF0985 /* Regular Weather.app */ = {isa = PBXFileReference; explicitFileType = wrapper.application; includeInIndex = 0; path = "Regular Weather.app"; sourceTree = BUILT_PRODUCTS_DIR; };
		96B3B4AD2B7A388F00EF0985 /* AppDelegate.swift */ = {isa = PBXFileReference; lastKnownFileType = sourcecode.swift; path = AppDelegate.swift; sourceTree = "<group>"; };
		96B3B4AF2B7A388F00EF0985 /* SceneDelegate.swift */ = {isa = PBXFileReference; lastKnownFileType = sourcecode.swift; path = SceneDelegate.swift; sourceTree = "<group>"; };
		96B3B4B62B7A389100EF0985 /* Assets.xcassets */ = {isa = PBXFileReference; lastKnownFileType = folder.assetcatalog; path = Assets.xcassets; sourceTree = "<group>"; };
		96B3B4B92B7A389100EF0985 /* Base */ = {isa = PBXFileReference; lastKnownFileType = file.storyboard; name = Base; path = Base.lproj/LaunchScreen.storyboard; sourceTree = "<group>"; };
		96B3B4BB2B7A389100EF0985 /* Info.plist */ = {isa = PBXFileReference; lastKnownFileType = text.plist.xml; path = Info.plist; sourceTree = "<group>"; };
		96B3B4C12B7A38E800EF0985 /* Weather.entitlements */ = {isa = PBXFileReference; lastKnownFileType = text.plist.entitlements; path = Weather.entitlements; sourceTree = "<group>"; };
		96B3B4C32B7A390500EF0985 /* WeatherData.swift */ = {isa = PBXFileReference; fileEncoding = 4; lastKnownFileType = sourcecode.swift; path = WeatherData.swift; sourceTree = "<group>"; };
		96B3B4C42B7A390500EF0985 /* WeatherModel.swift */ = {isa = PBXFileReference; fileEncoding = 4; lastKnownFileType = sourcecode.swift; path = WeatherModel.swift; sourceTree = "<group>"; };
		96B3B4C52B7A390500EF0985 /* WeatherManager.swift */ = {isa = PBXFileReference; fileEncoding = 4; lastKnownFileType = sourcecode.swift; path = WeatherManager.swift; sourceTree = "<group>"; };
		96B3B4CE2B7A391600EF0985 /* WeatherViewController.swift */ = {isa = PBXFileReference; fileEncoding = 4; lastKnownFileType = sourcecode.swift; path = WeatherViewController.swift; sourceTree = "<group>"; };
		96B3B4D02B7A39AE00EF0985 /* Main.storyboard */ = {isa = PBXFileReference; fileEncoding = 4; lastKnownFileType = file.storyboard; path = Main.storyboard; sourceTree = "<group>"; };
/* End PBXFileReference section */

/* Begin PBXFrameworksBuildPhase section */
		96B3B4A72B7A388F00EF0985 /* Frameworks */ = {
			isa = PBXFrameworksBuildPhase;
			buildActionMask = 2147483647;
			files = (
			);
			runOnlyForDeploymentPostprocessing = 0;
		};
/* End PBXFrameworksBuildPhase section */

/* Begin PBXGroup section */
		96B3B4A12B7A388E00EF0985 = {
			isa = PBXGroup;
			children = (
				96B3B4AC2B7A388F00EF0985 /* Regular Weather */,
				96B3B4AB2B7A388F00EF0985 /* Products */,
			);
			sourceTree = "<group>";
		};
		96B3B4AB2B7A388F00EF0985 /* Products */ = {
			isa = PBXGroup;
			children = (
				96B3B4AA2B7A388F00EF0985 /* Regular Weather.app */,
			);
			name = Products;
			sourceTree = "<group>";
		};
		96B3B4AC2B7A388F00EF0985 /* Regular Weather */ = {
			isa = PBXGroup;
			children = (
				96B3B4C12B7A38E800EF0985 /* Weather.entitlements */,
				96B3B4AD2B7A388F00EF0985 /* AppDelegate.swift */,
				96B3B4AF2B7A388F00EF0985 /* SceneDelegate.swift */,
				96B3B4C22B7A390500EF0985 /* Model */,
				96B3B4C92B7A391000EF0985 /* View */,
				96B3B4CD2B7A391600EF0985 /* Controller */,
				96B3B4B62B7A389100EF0985 /* Assets.xcassets */,
				96B3B4B82B7A389100EF0985 /* LaunchScreen.storyboard */,
				96B3B4BB2B7A389100EF0985 /* Info.plist */,
			);
			path = "Regular Weather";
			sourceTree = "<group>";
		};
		96B3B4C22B7A390500EF0985 /* Model */ = {
			isa = PBXGroup;
			children = (
				96B3B4C32B7A390500EF0985 /* WeatherData.swift */,
				96B3B4C42B7A390500EF0985 /* WeatherModel.swift */,
				96B3B4C52B7A390500EF0985 /* WeatherManager.swift */,
			);
			path = Model;
			sourceTree = "<group>";
		};
		96B3B4C92B7A391000EF0985 /* View */ = {
			isa = PBXGroup;
			children = (
				96B3B4D02B7A39AE00EF0985 /* Main.storyboard */,
			);
			path = View;
			sourceTree = "<group>";
		};
		96B3B4CD2B7A391600EF0985 /* Controller */ = {
			isa = PBXGroup;
			children = (
				96B3B4CE2B7A391600EF0985 /* WeatherViewController.swift */,
			);
			path = Controller;
			sourceTree = "<group>";
		};
/* End PBXGroup section */

/* Begin PBXNativeTarget section */
		96B3B4A92B7A388F00EF0985 /* Regular Weather */ = {
			isa = PBXNativeTarget;
			buildConfigurationList = 96B3B4BE2B7A389100EF0985 /* Build configuration list for PBXNativeTarget "Regular Weather" */;
			buildPhases = (
				96B3B4A62B7A388F00EF0985 /* Sources */,
				96B3B4A72B7A388F00EF0985 /* Frameworks */,
				96B3B4A82B7A388F00EF0985 /* Resources */,
			);
			buildRules = (
			);
			dependencies = (
			);
			name = "Regular Weather";
			productName = "Regular Weather";
			productReference = 96B3B4AA2B7A388F00EF0985 /* Regular Weather.app */;
			productType = "com.apple.product-type.application";
		};
/* End PBXNativeTarget section */

/* Begin PBXProject section */
		96B3B4A22B7A388E00EF0985 /* Project object */ = {
			isa = PBXProject;
			attributes = {
				BuildIndependentTargetsInParallel = 1;
				LastSwiftUpdateCheck = 1520;
				LastUpgradeCheck = 1520;
				TargetAttributes = {
					96B3B4A92B7A388F00EF0985 = {
						CreatedOnToolsVersion = 15.2;
					};
				};
			};
			buildConfigurationList = 96B3B4A52B7A388E00EF0985 /* Build configuration list for PBXProject "Regular Weather" */;
			compatibilityVersion = "Xcode 14.0";
			developmentRegion = en;
			hasScannedForEncodings = 0;
			knownRegions = (
				en,
				Base,
			);
			mainGroup = 96B3B4A12B7A388E00EF0985;
			productRefGroup = 96B3B4AB2B7A388F00EF0985 /* Products */;
			projectDirPath = "";
			projectRoot = "";
			targets = (
				96B3B4A92B7A388F00EF0985 /* Regular Weather */,
			);
		};
/* End PBXProject section */

/* Begin PBXResourcesBuildPhase section */
		96B3B4A82B7A388F00EF0985 /* Resources */ = {
			isa = PBXResourcesBuildPhase;
			buildActionMask = 2147483647;
			files = (
				96B3B4BA2B7A389100EF0985 /* LaunchScreen.storyboard in Resources */,
				96B3B4B72B7A389100EF0985 /* Assets.xcassets in Resources */,
				96B3B4D12B7A39AE00EF0985 /* Main.storyboard in Resources */,
			);
			runOnlyForDeploymentPostprocessing = 0;
		};
/* End PBXResourcesBuildPhase section */

/* Begin PBXSourcesBuildPhase section */
		96B3B4A62B7A388F00EF0985 /* Sources */ = {
			isa = PBXSourcesBuildPhase;
			buildActionMask = 2147483647;
			files = (
				96B3B4C82B7A390500EF0985 /* WeatherManager.swift in Sources */,
				96B3B4AE2B7A388F00EF0985 /* AppDelegate.swift in Sources */,
				96B3B4C62B7A390500EF0985 /* WeatherData.swift in Sources */,
				96B3B4CF2B7A391600EF0985 /* WeatherViewController.swift in Sources */,
				96B3B4B02B7A388F00EF0985 /* SceneDelegate.swift in Sources */,
				96B3B4C72B7A390500EF0985 /* WeatherModel.swift in Sources */,
			);
			runOnlyForDeploymentPostprocessing = 0;
		};
/* End PBXSourcesBuildPhase section */

/* Begin PBXVariantGroup section */
		96B3B4B82B7A389100EF0985 /* LaunchScreen.storyboard */ = {
			isa = PBXVariantGroup;
			children = (
				96B3B4B92B7A389100EF0985 /* Base */,
			);
			name = LaunchScreen.storyboard;
			sourceTree = "<group>";
		};
/* End PBXVariantGroup section */

/* Begin XCBuildConfiguration section */
		96B3B4BC2B7A389100EF0985 /* Debug */ = {
			isa = XCBuildConfiguration;
			buildSettings = {
				ALWAYS_SEARCH_USER_PATHS = NO;
				ASSETCATALOG_COMPILER_GENERATE_SWIFT_ASSET_SYMBOL_EXTENSIONS = YES;
				CLANG_ANALYZER_NONNULL = YES;
				CLANG_ANALYZER_NUMBER_OBJECT_CONVERSION = YES_AGGRESSIVE;
				CLANG_CXX_LANGUAGE_STANDARD = "gnu++20";
				CLANG_ENABLE_MODULES = YES;
				CLANG_ENABLE_OBJC_ARC = YES;
				CLANG_ENABLE_OBJC_WEAK = YES;
				CLANG_WARN_BLOCK_CAPTURE_AUTORELEASING = YES;
				CLANG_WARN_BOOL_CONVERSION = YES;
				CLANG_WARN_COMMA = YES;
				CLANG_WARN_CONSTANT_CONVERSION = YES;
				CLANG_WARN_DEPRECATED_OBJC_IMPLEMENTATIONS = YES;
				CLANG_WARN_DIRECT_OBJC_ISA_USAGE = YES_ERROR;
				CLANG_WARN_DOCUMENTATION_COMMENTS = YES;
				CLANG_WARN_EMPTY_BODY = YES;
				CLANG_WARN_ENUM_CONVERSION = YES;
				CLANG_WARN_INFINITE_RECURSION = YES;
				CLANG_WARN_INT_CONVERSION = YES;
				CLANG_WARN_NON_LITERAL_NULL_CONVERSION = YES;
				CLANG_WARN_OBJC_IMPLICIT_RETAIN_SELF = YES;
				CLANG_WARN_OBJC_LITERAL_CONVERSION = YES;
				CLANG_WARN_OBJC_ROOT_CLASS = YES_ERROR;
				CLANG_WARN_QUOTED_INCLUDE_IN_FRAMEWORK_HEADER = YES;
				CLANG_WARN_RANGE_LOOP_ANALYSIS = YES;
				CLANG_WARN_STRICT_PROTOTYPES = YES;
				CLANG_WARN_SUSPICIOUS_MOVE = YES;
				CLANG_WARN_UNGUARDED_AVAILABILITY = YES_AGGRESSIVE;
				CLANG_WARN_UNREACHABLE_CODE = YES;
				CLANG_WARN__DUPLICATE_METHOD_MATCH = YES;
				COPY_PHASE_STRIP = NO;
				DEBUG_INFORMATION_FORMAT = dwarf;
				ENABLE_STRICT_OBJC_MSGSEND = YES;
				ENABLE_TESTABILITY = YES;
				ENABLE_USER_SCRIPT_SANDBOXING = YES;
				GCC_C_LANGUAGE_STANDARD = gnu17;
				GCC_DYNAMIC_NO_PIC = NO;
				GCC_NO_COMMON_BLOCKS = YES;
				GCC_OPTIMIZATION_LEVEL = 0;
				GCC_PREPROCESSOR_DEFINITIONS = (
					"DEBUG=1",
					"$(inherited)",
				);
				GCC_WARN_64_TO_32_BIT_CONVERSION = YES;
				GCC_WARN_ABOUT_RETURN_TYPE = YES_ERROR;
				GCC_WARN_UNDECLARED_SELECTOR = YES;
				GCC_WARN_UNINITIALIZED_AUTOS = YES_AGGRESSIVE;
				GCC_WARN_UNUSED_FUNCTION = YES;
				GCC_WARN_UNUSED_VARIABLE = YES;
				IPHONEOS_DEPLOYMENT_TARGET = 17.2;
				LOCALIZATION_PREFERS_STRING_CATALOGS = YES;
				MTL_ENABLE_DEBUG_INFO = INCLUDE_SOURCE;
				MTL_FAST_MATH = YES;
				ONLY_ACTIVE_ARCH = YES;
				SDKROOT = iphoneos;
				SWIFT_ACTIVE_COMPILATION_CONDITIONS = "DEBUG $(inherited)";
				SWIFT_OPTIMIZATION_LEVEL = "-Onone";
			};
			name = Debug;
		};
		96B3B4BD2B7A389100EF0985 /* Release */ = {
			isa = XCBuildConfiguration;
			buildSettings = {
				ALWAYS_SEARCH_USER_PATHS = NO;
				ASSETCATALOG_COMPILER_GENERATE_SWIFT_ASSET_SYMBOL_EXTENSIONS = YES;
				CLANG_ANALYZER_NONNULL = YES;
				CLANG_ANALYZER_NUMBER_OBJECT_CONVERSION = YES_AGGRESSIVE;
				CLANG_CXX_LANGUAGE_STANDARD = "gnu++20";
				CLANG_ENABLE_MODULES = YES;
				CLANG_ENABLE_OBJC_ARC = YES;
				CLANG_ENABLE_OBJC_WEAK = YES;
				CLANG_WARN_BLOCK_CAPTURE_AUTORELEASING = YES;
				CLANG_WARN_BOOL_CONVERSION = YES;
				CLANG_WARN_COMMA = YES;
				CLANG_WARN_CONSTANT_CONVERSION = YES;
				CLANG_WARN_DEPRECATED_OBJC_IMPLEMENTATIONS = YES;
				CLANG_WARN_DIRECT_OBJC_ISA_USAGE = YES_ERROR;
				CLANG_WARN_DOCUMENTATION_COMMENTS = YES;
				CLANG_WARN_EMPTY_BODY = YES;
				CLANG_WARN_ENUM_CONVERSION = YES;
				CLANG_WARN_INFINITE_RECURSION = YES;
				CLANG_WARN_INT_CONVERSION = YES;
				CLANG_WARN_NON_LITERAL_NULL_CONVERSION = YES;
				CLANG_WARN_OBJC_IMPLICIT_RETAIN_SELF = YES;
				CLANG_WARN_OBJC_LITERAL_CONVERSION = YES;
				CLANG_WARN_OBJC_ROOT_CLASS = YES_ERROR;
				CLANG_WARN_QUOTED_INCLUDE_IN_FRAMEWORK_HEADER = YES;
				CLANG_WARN_RANGE_LOOP_ANALYSIS = YES;
				CLANG_WARN_STRICT_PROTOTYPES = YES;
				CLANG_WARN_SUSPICIOUS_MOVE = YES;
				CLANG_WARN_UNGUARDED_AVAILABILITY = YES_AGGRESSIVE;
				CLANG_WARN_UNREACHABLE_CODE = YES;
				CLANG_WARN__DUPLICATE_METHOD_MATCH = YES;
				COPY_PHASE_STRIP = NO;
				DEBUG_INFORMATION_FORMAT = "dwarf-with-dsym";
				ENABLE_NS_ASSERTIONS = NO;
				ENABLE_STRICT_OBJC_MSGSEND = YES;
				ENABLE_USER_SCRIPT_SANDBOXING = YES;
				GCC_C_LANGUAGE_STANDARD = gnu17;
				GCC_NO_COMMON_BLOCKS = YES;
				GCC_WARN_64_TO_32_BIT_CONVERSION = YES;
				GCC_WARN_ABOUT_RETURN_TYPE = YES_ERROR;
				GCC_WARN_UNDECLARED_SELECTOR = YES;
				GCC_WARN_UNINITIALIZED_AUTOS = YES_AGGRESSIVE;
				GCC_WARN_UNUSED_FUNCTION = YES;
				GCC_WARN_UNUSED_VARIABLE = YES;
				IPHONEOS_DEPLOYMENT_TARGET = 17.2;
				LOCALIZATION_PREFERS_STRING_CATALOGS = YES;
				MTL_ENABLE_DEBUG_INFO = NO;
				MTL_FAST_MATH = YES;
				SDKROOT = iphoneos;
				SWIFT_COMPILATION_MODE = wholemodule;
				VALIDATE_PRODUCT = YES;
			};
			name = Release;
		};
		96B3B4BF2B7A389100EF0985 /* Debug */ = {
			isa = XCBuildConfiguration;
			buildSettings = {
				ASSETCATALOG_COMPILER_APPICON_NAME = AppIcon;
				ASSETCATALOG_COMPILER_GLOBAL_ACCENT_COLOR_NAME = AccentColor;
				CODE_SIGN_STYLE = Automatic;
				CURRENT_PROJECT_VERSION = 1;
				DEVELOPMENT_TEAM = N63YKMZD2P;
				GENERATE_INFOPLIST_FILE = YES;
				INFOPLIST_FILE = "Regular Weather/Info.plist";
				INFOPLIST_KEY_UIApplicationSupportsIndirectInputEvents = YES;
				INFOPLIST_KEY_UILaunchStoryboardName = LaunchScreen;
				INFOPLIST_KEY_UIMainStoryboardFile = Main;
				INFOPLIST_KEY_UISupportedInterfaceOrientations_iPad = "UIInterfaceOrientationPortrait UIInterfaceOrientationPortraitUpsideDown UIInterfaceOrientationLandscapeLeft UIInterfaceOrientationLandscapeRight";
				INFOPLIST_KEY_UISupportedInterfaceOrientations_iPhone = "UIInterfaceOrientationPortrait UIInterfaceOrientationLandscapeLeft UIInterfaceOrientationLandscapeRight";
				IPHONEOS_DEPLOYMENT_TARGET = 13.0;
				LD_RUNPATH_SEARCH_PATHS = (
					"$(inherited)",
					"@executable_path/Frameworks",
				);
				MARKETING_VERSION = 1.0;
				PRODUCT_BUNDLE_IDENTIFIER = "com.AliesiaBo.Regular-Weather";
				PRODUCT_NAME = "$(TARGET_NAME)";
				SWIFT_EMIT_LOC_STRINGS = YES;
				SWIFT_VERSION = 5.0;
				TARGETED_DEVICE_FAMILY = "1,2";
			};
			name = Debug;
		};
		96B3B4C02B7A389100EF0985 /* Release */ = {
			isa = XCBuildConfiguration;
			buildSettings = {
				ASSETCATALOG_COMPILER_APPICON_NAME = AppIcon;
				ASSETCATALOG_COMPILER_GLOBAL_ACCENT_COLOR_NAME = AccentColor;
				CODE_SIGN_STYLE = Automatic;
				CURRENT_PROJECT_VERSION = 1;
				DEVELOPMENT_TEAM = N63YKMZD2P;
				GENERATE_INFOPLIST_FILE = YES;
				INFOPLIST_FILE = "Regular Weather/Info.plist";
				INFOPLIST_KEY_UIApplicationSupportsIndirectInputEvents = YES;
				INFOPLIST_KEY_UILaunchStoryboardName = LaunchScreen;
				INFOPLIST_KEY_UIMainStoryboardFile = Main;
				INFOPLIST_KEY_UISupportedInterfaceOrientations_iPad = "UIInterfaceOrientationPortrait UIInterfaceOrientationPortraitUpsideDown UIInterfaceOrientationLandscapeLeft UIInterfaceOrientationLandscapeRight";
				INFOPLIST_KEY_UISupportedInterfaceOrientations_iPhone = "UIInterfaceOrientationPortrait UIInterfaceOrientationLandscapeLeft UIInterfaceOrientationLandscapeRight";
				IPHONEOS_DEPLOYMENT_TARGET = 13.0;
				LD_RUNPATH_SEARCH_PATHS = (
					"$(inherited)",
					"@executable_path/Frameworks",
				);
				MARKETING_VERSION = 1.0;
				PRODUCT_BUNDLE_IDENTIFIER = "com.AliesiaBo.Regular-Weather";
				PRODUCT_NAME = "$(TARGET_NAME)";
				SWIFT_EMIT_LOC_STRINGS = YES;
				SWIFT_VERSION = 5.0;
				TARGETED_DEVICE_FAMILY = "1,2";
			};
			name = Release;
		};
/* End XCBuildConfiguration section */

/* Begin XCConfigurationList section */
		96B3B4A52B7A388E00EF0985 /* Build configuration list for PBXProject "Regular Weather" */ = {
			isa = XCConfigurationList;
			buildConfigurations = (
				96B3B4BC2B7A389100EF0985 /* Debug */,
				96B3B4BD2B7A389100EF0985 /* Release */,
			);
			defaultConfigurationIsVisible = 0;
			defaultConfigurationName = Release;
		};
		96B3B4BE2B7A389100EF0985 /* Build configuration list for PBXNativeTarget "Regular Weather" */ = {
			isa = XCConfigurationList;
			buildConfigurations = (
				96B3B4BF2B7A389100EF0985 /* Debug */,
				96B3B4C02B7A389100EF0985 /* Release */,
			);
			defaultConfigurationIsVisible = 0;
			defaultConfigurationName = Release;
		};
/* End XCConfigurationList section */
	};
	rootObject = 96B3B4A22B7A388E00EF0985 /* Project object */;
}
